
Microsoft Visual Studio Solution File, Format Version 12.00
# Visual Studio 2013
VisualStudioVersion = 12.0.21005.1
MinimumVisualStudioVersion = 10.0.40219.1
Project("{8BC9CEB8-8B4A-11D0-8D11-00A0C91BC942}") = "QueueBy2Stack", "QueueBy2Stack\QueueBy2Stack.vcxproj", "{2A83E8EB-C1E4-498F-91EB-1879264EA953}"
EndProject
Global
	GlobalSection(SolutionConfigurationPlatforms) = preSolution
		Debug|Win32 = Debug|Win32
		Release|Win32 = Release|Win32
	EndGlobalSection
	GlobalSection(ProjectConfigurationPlatforms) = postSolution
		{2A83E8EB-C1E4-498F-91EB-1879264EA953}.Debug|Win32.ActiveCfg = Debug|Win32
		{2A83E8EB-C1E4-498F-91EB-1879264EA953}.Debug|Win32.Build.0 = Debug|Win32
		{2A83E8EB-C1E4-498F-91EB-1879264EA953}.Release|Win32.ActiveCfg = Release|Win32
		{2A83E8EB-C1E4-498F-91EB-1879264EA953}.Release|Win32.Build.0 = Release|Win32
	EndGlobalSection
	GlobalSection(SolutionProperties) = preSolution
		HideSolutionNode = FALSE
	EndGlobalSection
EndGlobal
